
Microsoft Visual Studio Solution File, Format Version 12.00
# Visual Studio Version 17
VisualStudioVersion = 17.7.34202.233
MinimumVisualStudioVersion = 10.0.40219.1
Project("{FAE04EC0-301F-11D3-BF4B-00C04F79EFBC}") = "AzureWebJobDemo", "AzureWebJobDemo\AzureWebJobDemo.csproj", "{D690E2B3-A36C-4567-B304-821A64A59220}"
EndProject
Global
	GlobalSection(SolutionConfigurationPlatforms) = preSolution
		Debug|Any CPU = Debug|Any CPU
		Release|Any CPU = Release|Any CPU
	EndGlobalSection
	GlobalSection(ProjectConfigurationPlatforms) = postSolution
		{D690E2B3-A36C-4567-B304-821A64A59220}.Debug|Any CPU.ActiveCfg = Debug|Any CPU
		{D690E2B3-A36C-4567-B304-821A64A59220}.Debug|Any CPU.Build.0 = Debug|Any CPU
		{D690E2B3-A36C-4567-B304-821A64A59220}.Release|Any CPU.ActiveCfg = Release|Any CPU
		{D690E2B3-A36C-4567-B304-821A64A59220}.Release|Any CPU.Build.0 = Release|Any CPU
	EndGlobalSection
	GlobalSection(SolutionProperties) = preSolution
		HideSolutionNode = FALSE
	EndGlobalSection
	GlobalSection(ExtensibilityGlobals) = postSolution
		SolutionGuid = {50895190-45F2-4A93-ACFC-0C43A3B4B870}
	EndGlobalSection
EndGlobal
