
Microsoft Visual Studio Solution File, Format Version 12.00
# Visual Studio Version 17
VisualStudioVersion = 17.7.34202.233
MinimumVisualStudioVersion = 10.0.40219.1
Project("{FAE04EC0-301F-11D3-BF4B-00C04F79EFBC}") = "WebJobTriggeredManual", "WebJobTriggeredManual\WebJobTriggeredManual.csproj", "{E3F29FE0-E4F1-4FCC-B8F5-57EAA97CCC0E}"
EndProject
Global
	GlobalSection(SolutionConfigurationPlatforms) = preSolution
		Debug|Any CPU = Debug|Any CPU
		Release|Any CPU = Release|Any CPU
	EndGlobalSection
	GlobalSection(ProjectConfigurationPlatforms) = postSolution
		{E3F29FE0-E4F1-4FCC-B8F5-57EAA97CCC0E}.Debug|Any CPU.ActiveCfg = Debug|Any CPU
		{E3F29FE0-E4F1-4FCC-B8F5-57EAA97CCC0E}.Debug|Any CPU.Build.0 = Debug|Any CPU
		{E3F29FE0-E4F1-4FCC-B8F5-57EAA97CCC0E}.Release|Any CPU.ActiveCfg = Release|Any CPU
		{E3F29FE0-E4F1-4FCC-B8F5-57EAA97CCC0E}.Release|Any CPU.Build.0 = Release|Any CPU
	EndGlobalSection
	GlobalSection(SolutionProperties) = preSolution
		HideSolutionNode = FALSE
	EndGlobalSection
	GlobalSection(ExtensibilityGlobals) = postSolution
		SolutionGuid = {322F5F5F-EB48-4D8C-8C48-F9EA9F3D18D1}
	EndGlobalSection
EndGlobal
